{
  "version": 4,
  "terraform_version": "1.1.4",
  "serial": 57,
  "lineage": "940f540e-8346-2625-cf76-2430807e2b92",
  "outputs": {},
  "resources": [
    {
      "mode": "managed",
      "type": "aws_key_pair",
      "name": "EC2_us-east-1a",
      "provider": "provider[\"registry.terraform.io/hashicorp/aws\"]",
      "instances": [
        {
          "schema_version": 1,
          "attributes": {
            "arn": "arn:aws:ec2:us-east-1:628814880786:key-pair/EC2_us-east-1a",
            "fingerprint": "7b:58:43:f4:9c:56:f9:a1:3f:05:fb:50:c5:de:2f:61",
            "id": "EC2_us-east-1a",
            "key_name": "EC2_us-east-1a",
            "key_name_prefix": "",
            "key_pair_id": "key-006d550fad7246ef9",
            "public_key": "ssh-rsa AAAAB3NzaC1yc2EAAAADAQABAAABAQCkt8OVZQC2DYyqf7VCj6lMJKvARg3/n/lTipxi76RhbMU8MIduI+OjyLH0oA5N10zG8KFu0ZsI6VuNvcfDlBBVcocjxezz7fjApN1+6rUvw3MGwyvgJXLIuOhaDJDg66KJjHb5tIlxBMUz3YRxpGbkcKOYjg5pRitZ9tNHOv4e07XpDOQMq4ZaACbiPxDSlgkSS4/ZSGElNetgVxI+JLutLe3Ai5ND4B1nGs178CKUudkT+TsXKcblpBGytVGDN5zucGT3nbnjjk0aAwIKPun19CQQ9EsMSHXWDklr2l0RTPPPTnIoJSNDVjN518rZXmmWugAITw8cgYaYf7HF22V7 EC2",
            "tags": {},
            "tags_all": {}
          },
          "sensitive_attributes": [],
          "private": "eyJzY2hlbWFfdmVyc2lvbiI6IjEifQ=="
        }
      ]
    },
    {
      "mode": "managed",
      "type": "aws_security_group",
      "name": "allow_ALL",
      "provider": "provider[\"registry.terraform.io/hashicorp/aws\"]",
      "instances": [
        {
          "schema_version": 1,
          "attributes": {
            "arn": "arn:aws:ec2:us-east-1:628814880786:security-group/sg-0ac325f3c3891d7ba",
            "description": "Allow some ports",
            "egress": [
              {
                "cidr_blocks": [
                  "0.0.0.0/0"
                ],
                "description": "",
                "from_port": 0,
                "ipv6_cidr_blocks": [],
                "prefix_list_ids": [],
                "protocol": "-1",
                "security_groups": [],
                "self": false,
                "to_port": 0
              }
            ],
            "id": "sg-0ac325f3c3891d7ba",
            "ingress": [
              {
                "cidr_blocks": [
                  "0.0.0.0/0"
                ],
                "description": "HTTP from VPC",
                "from_port": 80,
                "ipv6_cidr_blocks": [],
                "prefix_list_ids": [],
                "protocol": "tcp",
                "security_groups": [],
                "self": false,
                "to_port": 80
              },
              {
                "cidr_blocks": [
                  "0.0.0.0/0"
                ],
                "description": "SSH from VPC",
                "from_port": 22,
                "ipv6_cidr_blocks": [],
                "prefix_list_ids": [],
                "protocol": "tcp",
                "security_groups": [],
                "self": false,
                "to_port": 22
              }
            ],
            "name": "allow_ALL",
            "name_prefix": "",
            "owner_id": "628814880786",
            "revoke_rules_on_delete": false,
            "tags": {
              "Name": "allow_ALL"
            },
            "tags_all": {
              "Name": "allow_ALL"
            },
            "timeouts": null,
            "vpc_id": "vpc-02c37bd0361967bb8"
          },
          "sensitive_attributes": [],
          "private": "eyJlMmJmYjczMC1lY2FhLTExZTYtOGY4OC0zNDM2M2JjN2M0YzAiOnsiY3JlYXRlIjo2MDAwMDAwMDAwMDAsImRlbGV0ZSI6OTAwMDAwMDAwMDAwfSwic2NoZW1hX3ZlcnNpb24iOiIxIn0="
        }
      ]
    }
  ]
}
