{
  "version": 4,
  "terraform_version": "1.1.4",
  "serial": 5,
  "lineage": "63ccc031-63de-854e-a657-ff7202a94323",
  "outputs": {
    "WEB1_private_ip": {
      "value": "172.31.91.123",
      "type": "string"
    },
    "WEB1_publick_ip": {
      "value": "3.222.77.214",
      "type": "string"
    }
  },
  "resources": [
    {
      "mode": "managed",
      "type": "aws_eip",
      "name": "elastick_ip_WEB1",
      "provider": "provider[\"registry.terraform.io/hashicorp/aws\"]",
      "instances": [
        {
          "schema_version": 0,
          "attributes": {
            "address": null,
            "allocation_id": "eipalloc-0d7e1549a2758edca",
            "associate_with_private_ip": null,
            "association_id": "eipassoc-098fd509ef9d5fca9",
            "carrier_ip": "",
            "customer_owned_ip": "",
            "customer_owned_ipv4_pool": "",
            "domain": "vpc",
            "id": "eipalloc-0d7e1549a2758edca",
            "instance": "i-0abeb6a250bae4421",
            "network_border_group": "us-east-1",
            "network_interface": "eni-002aa3d287068a93a",
            "private_dns": "ip-172-31-91-123.ec2.internal",
            "private_ip": "172.31.91.123",
            "public_dns": "ec2-3-222-77-214.compute-1.amazonaws.com",
            "public_ip": "3.222.77.214",
            "public_ipv4_pool": "amazon",
            "tags": null,
            "tags_all": {},
            "timeouts": null,
            "vpc": true
          },
          "sensitive_attributes": [],
          "private": "eyJlMmJmYjczMC1lY2FhLTExZTYtOGY4OC0zNDM2M2JjN2M0YzAiOnsiZGVsZXRlIjoxODAwMDAwMDAwMDAsInJlYWQiOjkwMDAwMDAwMDAwMCwidXBkYXRlIjozMDAwMDAwMDAwMDB9fQ==",
          "dependencies": [
            "aws_instance.WEB1",
            "aws_security_group.allow_ALL"
          ]
        }
      ]
    },
    {
      "mode": "managed",
      "type": "aws_instance",
      "name": "WEB1",
      "provider": "provider[\"registry.terraform.io/hashicorp/aws\"]",
      "instances": [
        {
          "schema_version": 1,
          "attributes": {
            "ami": "ami-04505e74c0741db8d",
            "arn": "arn:aws:ec2:us-east-1:628814880786:instance/i-0abeb6a250bae4421",
            "associate_public_ip_address": true,
            "availability_zone": "us-east-1d",
            "capacity_reservation_specification": [
              {
                "capacity_reservation_preference": "open",
                "capacity_reservation_target": []
              }
            ],
            "cpu_core_count": 1,
            "cpu_threads_per_core": 1,
            "credit_specification": [
              {
                "cpu_credits": "standard"
              }
            ],
            "disable_api_termination": false,
            "ebs_block_device": [],
            "ebs_optimized": false,
            "enclave_options": [
              {
                "enabled": false
              }
            ],
            "ephemeral_block_device": [],
            "get_password_data": false,
            "hibernation": false,
            "host_id": null,
            "iam_instance_profile": "",
            "id": "i-0abeb6a250bae4421",
            "instance_initiated_shutdown_behavior": "stop",
            "instance_state": "running",
            "instance_type": "t2.micro",
            "ipv6_address_count": 0,
            "ipv6_addresses": [],
            "key_name": "EC2_us-east-1a",
            "launch_template": [],
            "metadata_options": [
              {
                "http_endpoint": "enabled",
                "http_put_response_hop_limit": 1,
                "http_tokens": "optional",
                "instance_metadata_tags": "disabled"
              }
            ],
            "monitoring": false,
            "network_interface": [],
            "outpost_arn": "",
            "password_data": "",
            "placement_group": "",
            "placement_partition_number": null,
            "primary_network_interface_id": "eni-002aa3d287068a93a",
            "private_dns": "ip-172-31-91-123.ec2.internal",
            "private_ip": "172.31.91.123",
            "public_dns": "ec2-44-202-158-235.compute-1.amazonaws.com",
            "public_ip": "44.202.158.235",
            "root_block_device": [
              {
                "delete_on_termination": true,
                "device_name": "/dev/sda1",
                "encrypted": false,
                "iops": 100,
                "kms_key_id": "",
                "tags": {},
                "throughput": 0,
                "volume_id": "vol-09a6ce4f8d4d1a3cf",
                "volume_size": 8,
                "volume_type": "gp2"
              }
            ],
            "secondary_private_ips": [],
            "security_groups": [
              "allow_ALL"
            ],
            "source_dest_check": true,
            "subnet_id": "subnet-0646e35fd6c061ae2",
            "tags": {
              "Name": "WEB1"
            },
            "tags_all": {
              "Name": "WEB1"
            },
            "tenancy": "default",
            "timeouts": null,
            "user_data": "62fdc19c96f6c0c4052f4d8454edb194be353440",
            "user_data_base64": null,
            "volume_tags": null,
            "vpc_security_group_ids": [
              "sg-05de3953bc1ffc21c"
            ]
          },
          "sensitive_attributes": [],
          "private": "eyJlMmJmYjczMC1lY2FhLTExZTYtOGY4OC0zNDM2M2JjN2M0YzAiOnsiY3JlYXRlIjo2MDAwMDAwMDAwMDAsImRlbGV0ZSI6MTIwMDAwMDAwMDAwMCwidXBkYXRlIjo2MDAwMDAwMDAwMDB9LCJzY2hlbWFfdmVyc2lvbiI6IjEifQ==",
          "dependencies": [
            "aws_security_group.allow_ALL"
          ],
          "create_before_destroy": true
        }
      ]
    },
    {
      "mode": "managed",
      "type": "aws_key_pair",
      "name": "EC2_us-east-1a",
      "provider": "provider[\"registry.terraform.io/hashicorp/aws\"]",
      "instances": [
        {
          "schema_version": 1,
          "attributes": {
            "arn": "arn:aws:ec2:us-east-1:628814880786:key-pair/EC2_us-east-1a",
            "fingerprint": "7b:58:43:f4:9c:56:f9:a1:3f:05:fb:50:c5:de:2f:61",
            "id": "EC2_us-east-1a",
            "key_name": "EC2_us-east-1a",
            "key_name_prefix": "",
            "key_pair_id": "key-03a2a6b275051125d",
            "public_key": "ssh-rsa AAAAB3NzaC1yc2EAAAADAQABAAABAQCkt8OVZQC2DYyqf7VCj6lMJKvARg3/n/lTipxi76RhbMU8MIduI+OjyLH0oA5N10zG8KFu0ZsI6VuNvcfDlBBVcocjxezz7fjApN1+6rUvw3MGwyvgJXLIuOhaDJDg66KJjHb5tIlxBMUz3YRxpGbkcKOYjg5pRitZ9tNHOv4e07XpDOQMq4ZaACbiPxDSlgkSS4/ZSGElNetgVxI+JLutLe3Ai5ND4B1nGs178CKUudkT+TsXKcblpBGytVGDN5zucGT3nbnjjk0aAwIKPun19CQQ9EsMSHXWDklr2l0RTPPPTnIoJSNDVjN518rZXmmWugAITw8cgYaYf7HF22V7 EC2",
            "tags": null,
            "tags_all": {}
          },
          "sensitive_attributes": [],
          "private": "eyJzY2hlbWFfdmVyc2lvbiI6IjEifQ=="
        }
      ]
    },
    {
      "mode": "managed",
      "type": "aws_security_group",
      "name": "allow_ALL",
      "provider": "provider[\"registry.terraform.io/hashicorp/aws\"]",
      "instances": [
        {
          "schema_version": 1,
          "attributes": {
            "arn": "arn:aws:ec2:us-east-1:628814880786:security-group/sg-05de3953bc1ffc21c",
            "description": "Managed by Terraform",
            "egress": [
              {
                "cidr_blocks": [
                  "0.0.0.0/0"
                ],
                "description": "",
                "from_port": 0,
                "ipv6_cidr_blocks": [],
                "prefix_list_ids": [],
                "protocol": "-1",
                "security_groups": [],
                "self": false,
                "to_port": 0
              }
            ],
            "id": "sg-05de3953bc1ffc21c",
            "ingress": [
              {
                "cidr_blocks": [
                  "0.0.0.0/0"
                ],
                "description": "",
                "from_port": 22,
                "ipv6_cidr_blocks": [],
                "prefix_list_ids": [],
                "protocol": "tcp",
                "security_groups": [],
                "self": false,
                "to_port": 22
              },
              {
                "cidr_blocks": [
                  "0.0.0.0/0"
                ],
                "description": "",
                "from_port": 8080,
                "ipv6_cidr_blocks": [],
                "prefix_list_ids": [],
                "protocol": "tcp",
                "security_groups": [],
                "self": false,
                "to_port": 8080
              },
              {
                "cidr_blocks": [
                  "0.0.0.0/0"
                ],
                "description": "",
                "from_port": 80,
                "ipv6_cidr_blocks": [],
                "prefix_list_ids": [],
                "protocol": "tcp",
                "security_groups": [],
                "self": false,
                "to_port": 80
              }
            ],
            "name": "allow_ALL",
            "name_prefix": "",
            "owner_id": "628814880786",
            "revoke_rules_on_delete": false,
            "tags": {
              "Name": "allow_ALL"
            },
            "tags_all": {
              "Name": "allow_ALL"
            },
            "timeouts": null,
            "vpc_id": "vpc-02c37bd0361967bb8"
          },
          "sensitive_attributes": [],
          "private": "eyJlMmJmYjczMC1lY2FhLTExZTYtOGY4OC0zNDM2M2JjN2M0YzAiOnsiY3JlYXRlIjo2MDAwMDAwMDAwMDAsImRlbGV0ZSI6OTAwMDAwMDAwMDAwfSwic2NoZW1hX3ZlcnNpb24iOiIxIn0=",
          "create_before_destroy": true
        }
      ]
    }
  ]
}
